
Microsoft Visual Studio Solution File, Format Version 12.00
# Visual Studio Version 16
VisualStudioVersion = 16.0.30611.23
MinimumVisualStudioVersion = 10.0.40219.1
Project("{FAE04EC0-301F-11D3-BF4B-00C04F79EFBC}") = "ProductsApp", "ProductsApp\ProductsApp.csproj", "{AEE9C942-6B5D-471D-B5C4-E6DF8A901127}"
EndProject
Project("{FAE04EC0-301F-11D3-BF4B-00C04F79EFBC}") = "ProductsApp.Tests", "ProductsApp.Tests\ProductsApp.Tests.csproj", "{D3A82489-5806-40BC-B6DA-489B409360AA}"
EndProject
Global
	GlobalSection(SolutionConfigurationPlatforms) = preSolution
		Debug|Any CPU = Debug|Any CPU
		Release|Any CPU = Release|Any CPU
	EndGlobalSection
	GlobalSection(ProjectConfigurationPlatforms) = postSolution
		{AEE9C942-6B5D-471D-B5C4-E6DF8A901127}.Debug|Any CPU.ActiveCfg = Debug|Any CPU
		{AEE9C942-6B5D-471D-B5C4-E6DF8A901127}.Debug|Any CPU.Build.0 = Debug|Any CPU
		{AEE9C942-6B5D-471D-B5C4-E6DF8A901127}.Release|Any CPU.ActiveCfg = Release|Any CPU
		{AEE9C942-6B5D-471D-B5C4-E6DF8A901127}.Release|Any CPU.Build.0 = Release|Any CPU
		{D3A82489-5806-40BC-B6DA-489B409360AA}.Debug|Any CPU.ActiveCfg = Debug|Any CPU
		{D3A82489-5806-40BC-B6DA-489B409360AA}.Debug|Any CPU.Build.0 = Debug|Any CPU
		{D3A82489-5806-40BC-B6DA-489B409360AA}.Release|Any CPU.ActiveCfg = Release|Any CPU
		{D3A82489-5806-40BC-B6DA-489B409360AA}.Release|Any CPU.Build.0 = Release|Any CPU
	EndGlobalSection
	GlobalSection(SolutionProperties) = preSolution
		HideSolutionNode = FALSE
	EndGlobalSection
	GlobalSection(ExtensibilityGlobals) = postSolution
		SolutionGuid = {1CBBB78C-BB89-491F-9C6F-4A903BEF4792}
	EndGlobalSection
EndGlobal
